
Microsoft Visual Studio Solution File, Format Version 12.00
# Visual Studio 15
VisualStudioVersion = 15.0.28307.902
MinimumVisualStudioVersion = 10.0.40219.1
Project("{FAE04EC0-301F-11D3-BF4B-00C04F79EFBC}") = "OCRlib", "OCRlib\OCRlib.csproj", "{9381E300-9B69-4478-8F73-FAB216F51906}"
EndProject
Global
	GlobalSection(SolutionConfigurationPlatforms) = preSolution
		Debug|Any CPU = Debug|Any CPU
		Release|Any CPU = Release|Any CPU
	EndGlobalSection
	GlobalSection(ProjectConfigurationPlatforms) = postSolution
		{9381E300-9B69-4478-8F73-FAB216F51906}.Debug|Any CPU.ActiveCfg = Debug|Any CPU
		{9381E300-9B69-4478-8F73-FAB216F51906}.Debug|Any CPU.Build.0 = Debug|Any CPU
		{9381E300-9B69-4478-8F73-FAB216F51906}.Release|Any CPU.ActiveCfg = Release|Any CPU
		{9381E300-9B69-4478-8F73-FAB216F51906}.Release|Any CPU.Build.0 = Release|Any CPU
	EndGlobalSection
	GlobalSection(SolutionProperties) = preSolution
		HideSolutionNode = FALSE
	EndGlobalSection
	GlobalSection(ExtensibilityGlobals) = postSolution
		VisualSVNWorkingCopyRoot = .
		SolutionGuid = {CCB73EBC-38F8-495A-A621-33875C37BED9}
	EndGlobalSection
EndGlobal
